
Microsoft Visual Studio Solution File, Format Version 12.00
# Visual Studio Version 16
VisualStudioVersion = 16.0.32126.315
MinimumVisualStudioVersion = 10.0.40219.1
Project("{FAE04EC0-301F-11D3-BF4B-00C04F79EFBC}") = "PBL3", "PBL3.csproj", "{3BB55989-9ED9-48B2-90A8-559CDCBB515B}"
EndProject
Global
	GlobalSection(SolutionConfigurationPlatforms) = preSolution
		Debug|Any CPU = Debug|Any CPU
		Release|Any CPU = Release|Any CPU
	EndGlobalSection
	GlobalSection(ProjectConfigurationPlatforms) = postSolution
		{3BB55989-9ED9-48B2-90A8-559CDCBB515B}.Debug|Any CPU.ActiveCfg = Debug|Any CPU
		{3BB55989-9ED9-48B2-90A8-559CDCBB515B}.Debug|Any CPU.Build.0 = Debug|Any CPU
		{3BB55989-9ED9-48B2-90A8-559CDCBB515B}.Release|Any CPU.ActiveCfg = Release|Any CPU
		{3BB55989-9ED9-48B2-90A8-559CDCBB515B}.Release|Any CPU.Build.0 = Release|Any CPU
	EndGlobalSection
	GlobalSection(SolutionProperties) = preSolution
		HideSolutionNode = FALSE
	EndGlobalSection
	GlobalSection(ExtensibilityGlobals) = postSolution
		SolutionGuid = {B320864C-CDD8-4AD5-97BB-DEA23C3FDF60}
	EndGlobalSection
EndGlobal
